
Microsoft Visual Studio Solution File, Format Version 12.00
# Visual Studio 15
VisualStudioVersion = 15.0.28307.421
MinimumVisualStudioVersion = 10.0.40219.1
Project("{FAE04EC0-301F-11D3-BF4B-00C04F79EFBC}") = "WebcrawlerDemo", "WebcrawlerDemo\WebcrawlerDemo.csproj", "{1622BDDF-DE82-4FB9-BE93-006B5A3E9D69}"
EndProject
Global
	GlobalSection(SolutionConfigurationPlatforms) = preSolution
		Debug|Any CPU = Debug|Any CPU
		Release|Any CPU = Release|Any CPU
	EndGlobalSection
	GlobalSection(ProjectConfigurationPlatforms) = postSolution
		{1622BDDF-DE82-4FB9-BE93-006B5A3E9D69}.Debug|Any CPU.ActiveCfg = Debug|Any CPU
		{1622BDDF-DE82-4FB9-BE93-006B5A3E9D69}.Debug|Any CPU.Build.0 = Debug|Any CPU
		{1622BDDF-DE82-4FB9-BE93-006B5A3E9D69}.Release|Any CPU.ActiveCfg = Release|Any CPU
		{1622BDDF-DE82-4FB9-BE93-006B5A3E9D69}.Release|Any CPU.Build.0 = Release|Any CPU
	EndGlobalSection
	GlobalSection(SolutionProperties) = preSolution
		HideSolutionNode = FALSE
	EndGlobalSection
	GlobalSection(ExtensibilityGlobals) = postSolution
		SolutionGuid = {81456ABA-5527-48F2-9C02-AAD1AFCDA32C}
	EndGlobalSection
EndGlobal
